
Microsoft Visual Studio Solution File, Format Version 12.00
# Visual Studio 2017
Project("{FAE04EC0-301F-11D3-BF4B-00C04F79EFBC}") = "3D PROJECT", "3D PROJECT.csproj", "{A157FAB9-DC95-72AB-F1B4-82A26079FDE1}"
EndProject
Global
	GlobalSection(SolutionConfigurationPlatforms) = preSolution
		Debug|Any CPU = Debug|Any CPU
		Release|Any CPU = Release|Any CPU
	EndGlobalSection
	GlobalSection(ProjectConfigurationPlatforms) = postSolution
		{A157FAB9-DC95-72AB-F1B4-82A26079FDE1}.Debug|Any CPU.ActiveCfg = Debug|Any CPU
		{A157FAB9-DC95-72AB-F1B4-82A26079FDE1}.Debug|Any CPU.Build.0 = Debug|Any CPU
		{A157FAB9-DC95-72AB-F1B4-82A26079FDE1}.Release|Any CPU.ActiveCfg = Release|Any CPU
		{A157FAB9-DC95-72AB-F1B4-82A26079FDE1}.Release|Any CPU.Build.0 = Release|Any CPU
	EndGlobalSection
	GlobalSection(SolutionProperties) = preSolution
		HideSolutionNode = FALSE
	EndGlobalSection
EndGlobal
